
Microsoft Visual Studio Solution File, Format Version 12.00
# Visual Studio 15
VisualStudioVersion = 15.0.27428.1
MinimumVisualStudioVersion = 10.0.40219.1
Project("{2150E333-8FDC-42A3-9474-1A3956D46DE8}") = "Service", "Service", "{259C7385-7AF5-4F1C-A642-883D4A65D853}"
EndProject
Project("{2150E333-8FDC-42A3-9474-1A3956D46DE8}") = "Common", "Common", "{510E5154-C2B6-4B8B-8835-3848698AE171}"
EndProject
Project("{9A19103F-16F7-4668-BE54-9A1E7A4F7556}") = "M4Movie_Api", "Service\M4Movie_Api\M4Movie_Api.csproj", "{5AA64635-43DB-425A-8D47-C2AEE95A6885}"
EndProject
Project("{9A19103F-16F7-4668-BE54-9A1E7A4F7556}") = "M4Movie.Api.Constants", "Common\M4Movie.Api.Constants\M4Movie.Api.Constants.csproj", "{F5C1A6F5-7DC9-4E7C-9C3D-9A2C9105B478}"
EndProject
Project("{9A19103F-16F7-4668-BE54-9A1E7A4F7556}") = "M4Movie.Api.Contracts", "Common\M4Movie.Api.Contracts\M4Movie.Api.Contracts.csproj", "{2F81082D-6882-4069-B009-203669D58045}"
EndProject
Project("{9A19103F-16F7-4668-BE54-9A1E7A4F7556}") = "M4Movie.Api.Business", "Service\M4Movie.Api.Business\M4Movie.Api.Business.csproj", "{045ABB81-C08A-4D43-93C4-70B1EDAA2F41}"
EndProject
Project("{9A19103F-16F7-4668-BE54-9A1E7A4F7556}") = "M4Movie.Api.Data", "Service\M4Movie.Api.Data\M4Movie.Api.Data.csproj", "{D49CCEAD-2F6E-4B14-93B5-26E9EB254B51}"
EndProject
Project("{2150E333-8FDC-42A3-9474-1A3956D46DE8}") = "Tests", "Tests", "{FA1DA8D0-556B-4127-A2F6-A9EE8D745C07}"
EndProject
Project("{9A19103F-16F7-4668-BE54-9A1E7A4F7556}") = "Tests.Service.Business", "Tests\Tests.Service.Business\Tests.Service.Business.csproj", "{0FEDF0C3-CBFC-475B-B5F9-F6128DFBD61E}"
EndProject
Project("{9A19103F-16F7-4668-BE54-9A1E7A4F7556}") = "Tests.Service.Data", "Tests\Tests.Service.Data\Tests.Service.Data.csproj", "{62958BC6-AC42-41F1-BC4D-B1D035E8957C}"
EndProject
Project("{9A19103F-16F7-4668-BE54-9A1E7A4F7556}") = "Tests.Service.Api", "Tests\Tests.Service.Api\Tests.Service.Api.csproj", "{B37D5296-90AB-4CAF-95C3-E167674CF37E}"
EndProject
Project("{9A19103F-16F7-4668-BE54-9A1E7A4F7556}") = "A4Auth", "Service\A4Auth\A4Auth.csproj", "{CD3C2BF6-0FF4-426B-8B3B-5C2B3FE3B2BE}"
EndProject
Project("{FAE04EC0-301F-11D3-BF4B-00C04F79EFBC}") = "A4Auth.Api.Data", "Service\A4Auth.Api.Data\A4Auth.Api.Data.csproj", "{B663CC65-2091-48FB-8A75-E6BAE47E0E90}"
EndProject
Project("{FAE04EC0-301F-11D3-BF4B-00C04F79EFBC}") = "A4Auth.Api.Business", "Service\A4Auth.Api.Business\A4Auth.Api.Business.csproj", "{36830324-7E26-454D-8894-2F31D082DC4F}"
EndProject
Global
	GlobalSection(SolutionConfigurationPlatforms) = preSolution
		Debug|Any CPU = Debug|Any CPU
		Release|Any CPU = Release|Any CPU
	EndGlobalSection
	GlobalSection(ProjectConfigurationPlatforms) = postSolution
		{5AA64635-43DB-425A-8D47-C2AEE95A6885}.Debug|Any CPU.ActiveCfg = Debug|Any CPU
		{5AA64635-43DB-425A-8D47-C2AEE95A6885}.Debug|Any CPU.Build.0 = Debug|Any CPU
		{5AA64635-43DB-425A-8D47-C2AEE95A6885}.Release|Any CPU.ActiveCfg = Release|Any CPU
		{5AA64635-43DB-425A-8D47-C2AEE95A6885}.Release|Any CPU.Build.0 = Release|Any CPU
		{F5C1A6F5-7DC9-4E7C-9C3D-9A2C9105B478}.Debug|Any CPU.ActiveCfg = Debug|Any CPU
		{F5C1A6F5-7DC9-4E7C-9C3D-9A2C9105B478}.Debug|Any CPU.Build.0 = Debug|Any CPU
		{F5C1A6F5-7DC9-4E7C-9C3D-9A2C9105B478}.Release|Any CPU.ActiveCfg = Release|Any CPU
		{F5C1A6F5-7DC9-4E7C-9C3D-9A2C9105B478}.Release|Any CPU.Build.0 = Release|Any CPU
		{2F81082D-6882-4069-B009-203669D58045}.Debug|Any CPU.ActiveCfg = Debug|Any CPU
		{2F81082D-6882-4069-B009-203669D58045}.Debug|Any CPU.Build.0 = Debug|Any CPU
		{2F81082D-6882-4069-B009-203669D58045}.Release|Any CPU.ActiveCfg = Release|Any CPU
		{2F81082D-6882-4069-B009-203669D58045}.Release|Any CPU.Build.0 = Release|Any CPU
		{045ABB81-C08A-4D43-93C4-70B1EDAA2F41}.Debug|Any CPU.ActiveCfg = Debug|Any CPU
		{045ABB81-C08A-4D43-93C4-70B1EDAA2F41}.Debug|Any CPU.Build.0 = Debug|Any CPU
		{045ABB81-C08A-4D43-93C4-70B1EDAA2F41}.Release|Any CPU.ActiveCfg = Release|Any CPU
		{045ABB81-C08A-4D43-93C4-70B1EDAA2F41}.Release|Any CPU.Build.0 = Release|Any CPU
		{D49CCEAD-2F6E-4B14-93B5-26E9EB254B51}.Debug|Any CPU.ActiveCfg = Debug|Any CPU
		{D49CCEAD-2F6E-4B14-93B5-26E9EB254B51}.Debug|Any CPU.Build.0 = Debug|Any CPU
		{D49CCEAD-2F6E-4B14-93B5-26E9EB254B51}.Release|Any CPU.ActiveCfg = Release|Any CPU
		{D49CCEAD-2F6E-4B14-93B5-26E9EB254B51}.Release|Any CPU.Build.0 = Release|Any CPU
		{0FEDF0C3-CBFC-475B-B5F9-F6128DFBD61E}.Debug|Any CPU.ActiveCfg = Debug|Any CPU
		{0FEDF0C3-CBFC-475B-B5F9-F6128DFBD61E}.Debug|Any CPU.Build.0 = Debug|Any CPU
		{0FEDF0C3-CBFC-475B-B5F9-F6128DFBD61E}.Release|Any CPU.ActiveCfg = Release|Any CPU
		{0FEDF0C3-CBFC-475B-B5F9-F6128DFBD61E}.Release|Any CPU.Build.0 = Release|Any CPU
		{62958BC6-AC42-41F1-BC4D-B1D035E8957C}.Debug|Any CPU.ActiveCfg = Debug|Any CPU
		{62958BC6-AC42-41F1-BC4D-B1D035E8957C}.Debug|Any CPU.Build.0 = Debug|Any CPU
		{62958BC6-AC42-41F1-BC4D-B1D035E8957C}.Release|Any CPU.ActiveCfg = Release|Any CPU
		{62958BC6-AC42-41F1-BC4D-B1D035E8957C}.Release|Any CPU.Build.0 = Release|Any CPU
		{B37D5296-90AB-4CAF-95C3-E167674CF37E}.Debug|Any CPU.ActiveCfg = Debug|Any CPU
		{B37D5296-90AB-4CAF-95C3-E167674CF37E}.Debug|Any CPU.Build.0 = Debug|Any CPU
		{B37D5296-90AB-4CAF-95C3-E167674CF37E}.Release|Any CPU.ActiveCfg = Release|Any CPU
		{B37D5296-90AB-4CAF-95C3-E167674CF37E}.Release|Any CPU.Build.0 = Release|Any CPU
		{CD3C2BF6-0FF4-426B-8B3B-5C2B3FE3B2BE}.Debug|Any CPU.ActiveCfg = Debug|Any CPU
		{CD3C2BF6-0FF4-426B-8B3B-5C2B3FE3B2BE}.Debug|Any CPU.Build.0 = Debug|Any CPU
		{CD3C2BF6-0FF4-426B-8B3B-5C2B3FE3B2BE}.Release|Any CPU.ActiveCfg = Release|Any CPU
		{CD3C2BF6-0FF4-426B-8B3B-5C2B3FE3B2BE}.Release|Any CPU.Build.0 = Release|Any CPU
		{B663CC65-2091-48FB-8A75-E6BAE47E0E90}.Debug|Any CPU.ActiveCfg = Debug|Any CPU
		{B663CC65-2091-48FB-8A75-E6BAE47E0E90}.Debug|Any CPU.Build.0 = Debug|Any CPU
		{B663CC65-2091-48FB-8A75-E6BAE47E0E90}.Release|Any CPU.ActiveCfg = Release|Any CPU
		{B663CC65-2091-48FB-8A75-E6BAE47E0E90}.Release|Any CPU.Build.0 = Release|Any CPU
		{36830324-7E26-454D-8894-2F31D082DC4F}.Debug|Any CPU.ActiveCfg = Debug|Any CPU
		{36830324-7E26-454D-8894-2F31D082DC4F}.Debug|Any CPU.Build.0 = Debug|Any CPU
		{36830324-7E26-454D-8894-2F31D082DC4F}.Release|Any CPU.ActiveCfg = Release|Any CPU
		{36830324-7E26-454D-8894-2F31D082DC4F}.Release|Any CPU.Build.0 = Release|Any CPU
	EndGlobalSection
	GlobalSection(SolutionProperties) = preSolution
		HideSolutionNode = FALSE
	EndGlobalSection
	GlobalSection(NestedProjects) = preSolution
		{5AA64635-43DB-425A-8D47-C2AEE95A6885} = {259C7385-7AF5-4F1C-A642-883D4A65D853}
		{F5C1A6F5-7DC9-4E7C-9C3D-9A2C9105B478} = {510E5154-C2B6-4B8B-8835-3848698AE171}
		{2F81082D-6882-4069-B009-203669D58045} = {510E5154-C2B6-4B8B-8835-3848698AE171}
		{045ABB81-C08A-4D43-93C4-70B1EDAA2F41} = {259C7385-7AF5-4F1C-A642-883D4A65D853}
		{D49CCEAD-2F6E-4B14-93B5-26E9EB254B51} = {259C7385-7AF5-4F1C-A642-883D4A65D853}
		{0FEDF0C3-CBFC-475B-B5F9-F6128DFBD61E} = {FA1DA8D0-556B-4127-A2F6-A9EE8D745C07}
		{62958BC6-AC42-41F1-BC4D-B1D035E8957C} = {FA1DA8D0-556B-4127-A2F6-A9EE8D745C07}
		{B37D5296-90AB-4CAF-95C3-E167674CF37E} = {FA1DA8D0-556B-4127-A2F6-A9EE8D745C07}
		{CD3C2BF6-0FF4-426B-8B3B-5C2B3FE3B2BE} = {259C7385-7AF5-4F1C-A642-883D4A65D853}
		{B663CC65-2091-48FB-8A75-E6BAE47E0E90} = {259C7385-7AF5-4F1C-A642-883D4A65D853}
		{36830324-7E26-454D-8894-2F31D082DC4F} = {259C7385-7AF5-4F1C-A642-883D4A65D853}
	EndGlobalSection
	GlobalSection(ExtensibilityGlobals) = postSolution
		SolutionGuid = {93CBB8C9-4A91-482F-BB3B-A1A3B3900C66}
	EndGlobalSection
EndGlobal
